// !$*UTF8*$!
{
	archiveVersion = 1;
	classes = {
	};
	objectVersion = 77;
	objects = {

/* Begin PBXContainerItemProxy section */
		2DE8D35E2DAD191B009ED66C /* PBXContainerItemProxy */ = {
			isa = PBXContainerItemProxy;
			containerPortal = 2DE8D3452DAD191A009ED66C /* Project object */;
			proxyType = 1;
			remoteGlobalIDString = 2DE8D34C2DAD191A009ED66C;
			remoteInfo = Diverology;
		};
		2DE8D3682DAD191C009ED66C /* PBXContainerItemProxy */ = {
			isa = PBXContainerItemProxy;
			containerPortal = 2DE8D3452DAD191A009ED66C /* Project object */;
			proxyType = 1;
			remoteGlobalIDString = 2DE8D34C2DAD191A009ED66C;
			remoteInfo = Diverology;
		};
/* End PBXContainerItemProxy section */

/* Begin PBXFileReference section */
		2DE8D34D2DAD191A009ED66C /* Diverology.app */ = {isa = PBXFileReference; explicitFileType = wrapper.application; includeInIndex = 0; path = Diverology.app; sourceTree = BUILT_PRODUCTS_DIR; };
		2DE8D35D2DAD191B009ED66C /* DiverologyTests.xctest */ = {isa = PBXFileReference; explicitFileType = wrapper.cfbundle; includeInIndex = 0; path = DiverologyTests.xctest; sourceTree = BUILT_PRODUCTS_DIR; };
		2DE8D3672DAD191C009ED66C /* DiverologyUITests.xctest */ = {isa = PBXFileReference; explicitFileType = wrapper.cfbundle; includeInIndex = 0; path = DiverologyUITests.xctest; sourceTree = BUILT_PRODUCTS_DIR; };
/* End PBXFileReference section */

/* Begin PBXFileSystemSynchronizedRootGroup section */
		2DE8D34F2DAD191A009ED66C /* Diverology */ = {
			isa = PBXFileSystemSynchronizedRootGroup;
			path = Diverology;
			sourceTree = "<group>";
		};
		2DE8D3602DAD191B009ED66C /* DiverologyTests */ = {
			isa = PBXFileSystemSynchronizedRootGroup;
			path = DiverologyTests;
			sourceTree = "<group>";
		};
		2DE8D36A2DAD191C009ED66C /* DiverologyUITests */ = {
			isa = PBXFileSystemSynchronizedRootGroup;
			path = DiverologyUITests;
			sourceTree = "<group>";
		};
/* End PBXFileSystemSynchronizedRootGroup section */

/* Begin PBXFrameworksBuildPhase section */
		2DE8D34A2DAD191A009ED66C /* Frameworks */ = {
			isa = PBXFrameworksBuildPhase;
			buildActionMask = 2147483647;
			files = (
			);
			runOnlyForDeploymentPostprocessing = 0;
		};
		2DE8D35A2DAD191B009ED66C /* Frameworks */ = {
			isa = PBXFrameworksBuildPhase;
			buildActionMask = 2147483647;
			files = (
			);
			runOnlyForDeploymentPostprocessing = 0;
		};
		2DE8D3642DAD191C009ED66C /* Frameworks */ = {
			isa = PBXFrameworksBuildPhase;
			buildActionMask = 2147483647;
			files = (
			);
			runOnlyForDeploymentPostprocessing = 0;
		};
/* End PBXFrameworksBuildPhase section */

/* Begin PBXGroup section */
		2DE8D3442DAD191A009ED66C = {
			isa = PBXGroup;
			children = (
				2DE8D34F2DAD191A009ED66C /* Diverology */,
				2DE8D3602DAD191B009ED66C /* DiverologyTests */,
				2DE8D36A2DAD191C009ED66C /* DiverologyUITests */,
				2DE8D34E2DAD191A009ED66C /* Products */,
			);
			sourceTree = "<group>";
		};
		2DE8D34E2DAD191A009ED66C /* Products */ = {
			isa = PBXGroup;
			children = (
				2DE8D34D2DAD191A009ED66C /* Diverology.app */,
				2DE8D35D2DAD191B009ED66C /* DiverologyTests.xctest */,
				2DE8D3672DAD191C009ED66C /* DiverologyUITests.xctest */,
			);
			name = Products;
			sourceTree = "<group>";
		};
/* End PBXGroup section */

/* Begin PBXNativeTarget section */
		2DE8D34C2DAD191A009ED66C /* Diverology */ = {
			isa = PBXNativeTarget;
			buildConfigurationList = 2DE8D3712DAD191C009ED66C /* Build configuration list for PBXNativeTarget "Diverology" */;
			buildPhases = (
				2DE8D3492DAD191A009ED66C /* Sources */,
				2DE8D34A2DAD191A009ED66C /* Frameworks */,
				2DE8D34B2DAD191A009ED66C /* Resources */,
			);
			buildRules = (
			);
			dependencies = (
			);
			fileSystemSynchronizedGroups = (
				2DE8D34F2DAD191A009ED66C /* Diverology */,
			);
			name = Diverology;
			packageProductDependencies = (
			);
			productName = Diverology;
			productReference = 2DE8D34D2DAD191A009ED66C /* Diverology.app */;
			productType = "com.apple.product-type.application";
		};
		2DE8D35C2DAD191B009ED66C /* DiverologyTests */ = {
			isa = PBXNativeTarget;
			buildConfigurationList = 2DE8D3742DAD191C009ED66C /* Build configuration list for PBXNativeTarget "DiverologyTests" */;
			buildPhases = (
				2DE8D3592DAD191B009ED66C /* Sources */,
				2DE8D35A2DAD191B009ED66C /* Frameworks */,
				2DE8D35B2DAD191B009ED66C /* Resources */,
			);
			buildRules = (
			);
			dependencies = (
				2DE8D35F2DAD191B009ED66C /* PBXTargetDependency */,
			);
			fileSystemSynchronizedGroups = (
				2DE8D3602DAD191B009ED66C /* DiverologyTests */,
			);
			name = DiverologyTests;
			packageProductDependencies = (
			);
			productName = DiverologyTests;
			productReference = 2DE8D35D2DAD191B009ED66C /* DiverologyTests.xctest */;
			productType = "com.apple.product-type.bundle.unit-test";
		};
		2DE8D3662DAD191C009ED66C /* DiverologyUITests */ = {
			isa = PBXNativeTarget;
			buildConfigurationList = 2DE8D3772DAD191C009ED66C /* Build configuration list for PBXNativeTarget "DiverologyUITests" */;
			buildPhases = (
				2DE8D3632DAD191C009ED66C /* Sources */,
				2DE8D3642DAD191C009ED66C /* Frameworks */,
				2DE8D3652DAD191C009ED66C /* Resources */,
			);
			buildRules = (
			);
			dependencies = (
				2DE8D3692DAD191C009ED66C /* PBXTargetDependency */,
			);
			fileSystemSynchronizedGroups = (
				2DE8D36A2DAD191C009ED66C /* DiverologyUITests */,
			);
			name = DiverologyUITests;
			packageProductDependencies = (
			);
			productName = DiverologyUITests;
			productReference = 2DE8D3672DAD191C009ED66C /* DiverologyUITests.xctest */;
			productType = "com.apple.product-type.bundle.ui-testing";
		};
/* End PBXNativeTarget section */

/* Begin PBXProject section */
		2DE8D3452DAD191A009ED66C /* Project object */ = {
			isa = PBXProject;
			attributes = {
				BuildIndependentTargetsInParallel = 1;
				LastSwiftUpdateCheck = 1610;
				LastUpgradeCheck = 1610;
				TargetAttributes = {
					2DE8D34C2DAD191A009ED66C = {
						CreatedOnToolsVersion = 16.1;
					};
					2DE8D35C2DAD191B009ED66C = {
						CreatedOnToolsVersion = 16.1;
						TestTargetID = 2DE8D34C2DAD191A009ED66C;
					};
					2DE8D3662DAD191C009ED66C = {
						CreatedOnToolsVersion = 16.1;
						TestTargetID = 2DE8D34C2DAD191A009ED66C;
					};
				};
			};
			buildConfigurationList = 2DE8D3482DAD191A009ED66C /* Build configuration list for PBXProject "Diverology" */;
			developmentRegion = en;
			hasScannedForEncodings = 0;
			knownRegions = (
				en,
				Base,
			);
			mainGroup = 2DE8D3442DAD191A009ED66C;
			minimizedProjectReferenceProxies = 1;
			preferredProjectObjectVersion = 77;
			productRefGroup = 2DE8D34E2DAD191A009ED66C /* Products */;
			projectDirPath = "";
			projectRoot = "";
			targets = (
				2DE8D34C2DAD191A009ED66C /* Diverology */,
				2DE8D35C2DAD191B009ED66C /* DiverologyTests */,
				2DE8D3662DAD191C009ED66C /* DiverologyUITests */,
			);
		};
/* End PBXProject section */

/* Begin PBXResourcesBuildPhase section */
		2DE8D34B2DAD191A009ED66C /* Resources */ = {
			isa = PBXResourcesBuildPhase;
			buildActionMask = 2147483647;
			files = (
			);
			runOnlyForDeploymentPostprocessing = 0;
		};
		2DE8D35B2DAD191B009ED66C /* Resources */ = {
			isa = PBXResourcesBuildPhase;
			buildActionMask = 2147483647;
			files = (
			);
			runOnlyForDeploymentPostprocessing = 0;
		};
		2DE8D3652DAD191C009ED66C /* Resources */ = {
			isa = PBXResourcesBuildPhase;
			buildActionMask = 2147483647;
			files = (
			);
			runOnlyForDeploymentPostprocessing = 0;
		};
/* End PBXResourcesBuildPhase section */

/* Begin PBXSourcesBuildPhase section */
		2DE8D3492DAD191A009ED66C /* Sources */ = {
			isa = PBXSourcesBuildPhase;
			buildActionMask = 2147483647;
			files = (
			);
			runOnlyForDeploymentPostprocessing = 0;
		};
		2DE8D3592DAD191B009ED66C /* Sources */ = {
			isa = PBXSourcesBuildPhase;
			buildActionMask = 2147483647;
			files = (
			);
			runOnlyForDeploymentPostprocessing = 0;
		};
		2DE8D3632DAD191C009ED66C /* Sources */ = {
			isa = PBXSourcesBuildPhase;
			buildActionMask = 2147483647;
			files = (
			);
			runOnlyForDeploymentPostprocessing = 0;
		};
/* End PBXSourcesBuildPhase section */

/* Begin PBXTargetDependency section */
		2DE8D35F2DAD191B009ED66C /* PBXTargetDependency */ = {
			isa = PBXTargetDependency;
			target = 2DE8D34C2DAD191A009ED66C /* Diverology */;
			targetProxy = 2DE8D35E2DAD191B009ED66C /* PBXContainerItemProxy */;
		};
		2DE8D3692DAD191C009ED66C /* PBXTargetDependency */ = {
			isa = PBXTargetDependency;
			target = 2DE8D34C2DAD191A009ED66C /* Diverology */;
			targetProxy = 2DE8D3682DAD191C009ED66C /* PBXContainerItemProxy */;
		};
/* End PBXTargetDependency section */

/* Begin XCBuildConfiguration section */
		2DE8D36F2DAD191C009ED66C /* Debug */ = {
			isa = XCBuildConfiguration;
			buildSettings = {
				ALWAYS_SEARCH_USER_PATHS = NO;
				ASSETCATALOG_COMPILER_GENERATE_SWIFT_ASSET_SYMBOL_EXTENSIONS = YES;
				CLANG_ANALYZER_NONNULL = YES;
				CLANG_ANALYZER_NUMBER_OBJECT_CONVERSION = YES_AGGRESSIVE;
				CLANG_CXX_LANGUAGE_STANDARD = "gnu++20";
				CLANG_ENABLE_MODULES = YES;
				CLANG_ENABLE_OBJC_ARC = YES;
				CLANG_ENABLE_OBJC_WEAK = YES;
				CLANG_WARN_BLOCK_CAPTURE_AUTORELEASING = YES;
				CLANG_WARN_BOOL_CONVERSION = YES;
				CLANG_WARN_COMMA = YES;
				CLANG_WARN_CONSTANT_CONVERSION = YES;
				CLANG_WARN_DEPRECATED_OBJC_IMPLEMENTATIONS = YES;
				CLANG_WARN_DIRECT_OBJC_ISA_USAGE = YES_ERROR;
				CLANG_WARN_DOCUMENTATION_COMMENTS = YES;
				CLANG_WARN_EMPTY_BODY = YES;
				CLANG_WARN_ENUM_CONVERSION = YES;
				CLANG_WARN_INFINITE_RECURSION = YES;
				CLANG_WARN_INT_CONVERSION = YES;
				CLANG_WARN_NON_LITERAL_NULL_CONVERSION = YES;
				CLANG_WARN_OBJC_IMPLICIT_RETAIN_SELF = YES;
				CLANG_WARN_OBJC_LITERAL_CONVERSION = YES;
				CLANG_WARN_OBJC_ROOT_CLASS = YES_ERROR;
				CLANG_WARN_QUOTED_INCLUDE_IN_FRAMEWORK_HEADER = YES;
				CLANG_WARN_RANGE_LOOP_ANALYSIS = YES;
				CLANG_WARN_STRICT_PROTOTYPES = YES;
				CLANG_WARN_SUSPICIOUS_MOVE = YES;
				CLANG_WARN_UNGUARDED_AVAILABILITY = YES_AGGRESSIVE;
				CLANG_WARN_UNREACHABLE_CODE = YES;
				CLANG_WARN__DUPLICATE_METHOD_MATCH = YES;
				COPY_PHASE_STRIP = NO;
				DEBUG_INFORMATION_FORMAT = dwarf;
				ENABLE_STRICT_OBJC_MSGSEND = YES;
				ENABLE_TESTABILITY = YES;
				ENABLE_USER_SCRIPT_SANDBOXING = YES;
				GCC_C_LANGUAGE_STANDARD = gnu17;
				GCC_DYNAMIC_NO_PIC = NO;
				GCC_NO_COMMON_BLOCKS = YES;
				GCC_OPTIMIZATION_LEVEL = 0;
				GCC_PREPROCESSOR_DEFINITIONS = (
					"DEBUG=1",
					"$(inherited)",
				);
				GCC_WARN_64_TO_32_BIT_CONVERSION = YES;
				GCC_WARN_ABOUT_RETURN_TYPE = YES_ERROR;
				GCC_WARN_UNDECLARED_SELECTOR = YES;
				GCC_WARN_UNINITIALIZED_AUTOS = YES_AGGRESSIVE;
				GCC_WARN_UNUSED_FUNCTION = YES;
				GCC_WARN_UNUSED_VARIABLE = YES;
				IPHONEOS_DEPLOYMENT_TARGET = 18.1;
				LOCALIZATION_PREFERS_STRING_CATALOGS = YES;
				MTL_ENABLE_DEBUG_INFO = INCLUDE_SOURCE;
				MTL_FAST_MATH = YES;
				ONLY_ACTIVE_ARCH = YES;
				SDKROOT = iphoneos;
				SWIFT_ACTIVE_COMPILATION_CONDITIONS = "DEBUG $(inherited)";
				SWIFT_OPTIMIZATION_LEVEL = "-Onone";
			};
			name = Debug;
		};
		2DE8D3702DAD191C009ED66C /* Release */ = {
			isa = XCBuildConfiguration;
			buildSettings = {
				ALWAYS_SEARCH_USER_PATHS = NO;
				ASSETCATALOG_COMPILER_GENERATE_SWIFT_ASSET_SYMBOL_EXTENSIONS = YES;
				CLANG_ANALYZER_NONNULL = YES;
				CLANG_ANALYZER_NUMBER_OBJECT_CONVERSION = YES_AGGRESSIVE;
				CLANG_CXX_LANGUAGE_STANDARD = "gnu++20";
				CLANG_ENABLE_MODULES = YES;
				CLANG_ENABLE_OBJC_ARC = YES;
				CLANG_ENABLE_OBJC_WEAK = YES;
				CLANG_WARN_BLOCK_CAPTURE_AUTORELEASING = YES;
				CLANG_WARN_BOOL_CONVERSION = YES;
				CLANG_WARN_COMMA = YES;
				CLANG_WARN_CONSTANT_CONVERSION = YES;
				CLANG_WARN_DEPRECATED_OBJC_IMPLEMENTATIONS = YES;
				CLANG_WARN_DIRECT_OBJC_ISA_USAGE = YES_ERROR;
				CLANG_WARN_DOCUMENTATION_COMMENTS = YES;
				CLANG_WARN_EMPTY_BODY = YES;
				CLANG_WARN_ENUM_CONVERSION = YES;
				CLANG_WARN_INFINITE_RECURSION = YES;
				CLANG_WARN_INT_CONVERSION = YES;
				CLANG_WARN_NON_LITERAL_NULL_CONVERSION = YES;
				CLANG_WARN_OBJC_IMPLICIT_RETAIN_SELF = YES;
				CLANG_WARN_OBJC_LITERAL_CONVERSION = YES;
				CLANG_WARN_OBJC_ROOT_CLASS = YES_ERROR;
				CLANG_WARN_QUOTED_INCLUDE_IN_FRAMEWORK_HEADER = YES;
				CLANG_WARN_RANGE_LOOP_ANALYSIS = YES;
				CLANG_WARN_STRICT_PROTOTYPES = YES;
				CLANG_WARN_SUSPICIOUS_MOVE = YES;
				CLANG_WARN_UNGUARDED_AVAILABILITY = YES_AGGRESSIVE;
				CLANG_WARN_UNREACHABLE_CODE = YES;
				CLANG_WARN__DUPLICATE_METHOD_MATCH = YES;
				COPY_PHASE_STRIP = NO;
				DEBUG_INFORMATION_FORMAT = "dwarf-with-dsym";
				ENABLE_NS_ASSERTIONS = NO;
				ENABLE_STRICT_OBJC_MSGSEND = YES;
				ENABLE_USER_SCRIPT_SANDBOXING = YES;
				GCC_C_LANGUAGE_STANDARD = gnu17;
				GCC_NO_COMMON_BLOCKS = YES;
				GCC_WARN_64_TO_32_BIT_CONVERSION = YES;
				GCC_WARN_ABOUT_RETURN_TYPE = YES_ERROR;
				GCC_WARN_UNDECLARED_SELECTOR = YES;
				GCC_WARN_UNINITIALIZED_AUTOS = YES_AGGRESSIVE;
				GCC_WARN_UNUSED_FUNCTION = YES;
				GCC_WARN_UNUSED_VARIABLE = YES;
				IPHONEOS_DEPLOYMENT_TARGET = 18.1;
				LOCALIZATION_PREFERS_STRING_CATALOGS = YES;
				MTL_ENABLE_DEBUG_INFO = NO;
				MTL_FAST_MATH = YES;
				SDKROOT = iphoneos;
				SWIFT_COMPILATION_MODE = wholemodule;
				VALIDATE_PRODUCT = YES;
			};
			name = Release;
		};
		2DE8D3722DAD191C009ED66C /* Debug */ = {
			isa = XCBuildConfiguration;
			buildSettings = {
				ASSETCATALOG_COMPILER_APPICON_NAME = AppIcon;
				ASSETCATALOG_COMPILER_GLOBAL_ACCENT_COLOR_NAME = AccentColor;
				CODE_SIGN_STYLE = Automatic;
				CURRENT_PROJECT_VERSION = 1;
				DEVELOPMENT_ASSET_PATHS = "\"Diverology/Preview Content\"";
				DEVELOPMENT_TEAM = 3BFLHJ2HKG;
				ENABLE_PREVIEWS = YES;
				GENERATE_INFOPLIST_FILE = YES;
				INFOPLIST_KEY_UIApplicationSceneManifest_Generation = YES;
				INFOPLIST_KEY_UIApplicationSupportsIndirectInputEvents = YES;
				INFOPLIST_KEY_UILaunchScreen_Generation = YES;
				INFOPLIST_KEY_UISupportedInterfaceOrientations_iPad = "UIInterfaceOrientationPortrait UIInterfaceOrientationPortraitUpsideDown UIInterfaceOrientationLandscapeLeft UIInterfaceOrientationLandscapeRight";
				INFOPLIST_KEY_UISupportedInterfaceOrientations_iPhone = "UIInterfaceOrientationPortrait UIInterfaceOrientationLandscapeLeft UIInterfaceOrientationLandscapeRight";
				LD_RUNPATH_SEARCH_PATHS = (
					"$(inherited)",
					"@executable_path/Frameworks",
				);
				MARKETING_VERSION = 1.0;
				PRODUCT_BUNDLE_IDENTIFIER = Diverology.Diverology;
				PRODUCT_NAME = "$(TARGET_NAME)";
				SWIFT_EMIT_LOC_STRINGS = YES;
				SWIFT_VERSION = 5.0;
				TARGETED_DEVICE_FAMILY = "1,2";
			};
			name = Debug;
		};
		2DE8D3732DAD191C009ED66C /* Release */ = {
			isa = XCBuildConfiguration;
			buildSettings = {
				ASSETCATALOG_COMPILER_APPICON_NAME = AppIcon;
				ASSETCATALOG_COMPILER_GLOBAL_ACCENT_COLOR_NAME = AccentColor;
				CODE_SIGN_STYLE = Automatic;
				CURRENT_PROJECT_VERSION = 1;
				DEVELOPMENT_ASSET_PATHS = "\"Diverology/Preview Content\"";
				DEVELOPMENT_TEAM = 3BFLHJ2HKG;
				ENABLE_PREVIEWS = YES;
				GENERATE_INFOPLIST_FILE = YES;
				INFOPLIST_KEY_UIApplicationSceneManifest_Generation = YES;
				INFOPLIST_KEY_UIApplicationSupportsIndirectInputEvents = YES;
				INFOPLIST_KEY_UILaunchScreen_Generation = YES;
				INFOPLIST_KEY_UISupportedInterfaceOrientations_iPad = "UIInterfaceOrientationPortrait UIInterfaceOrientationPortraitUpsideDown UIInterfaceOrientationLandscapeLeft UIInterfaceOrientationLandscapeRight";
				INFOPLIST_KEY_UISupportedInterfaceOrientations_iPhone = "UIInterfaceOrientationPortrait UIInterfaceOrientationLandscapeLeft UIInterfaceOrientationLandscapeRight";
				LD_RUNPATH_SEARCH_PATHS = (
					"$(inherited)",
					"@executable_path/Frameworks",
				);
				MARKETING_VERSION = 1.0;
				PRODUCT_BUNDLE_IDENTIFIER = Diverology.Diverology;
				PRODUCT_NAME = "$(TARGET_NAME)";
				SWIFT_EMIT_LOC_STRINGS = YES;
				SWIFT_VERSION = 5.0;
				TARGETED_DEVICE_FAMILY = "1,2";
			};
			name = Release;
		};
		2DE8D3752DAD191C009ED66C /* Debug */ = {
			isa = XCBuildConfiguration;
			buildSettings = {
				BUNDLE_LOADER = "$(TEST_HOST)";
				CODE_SIGN_STYLE = Automatic;
				CURRENT_PROJECT_VERSION = 1;
				DEVELOPMENT_TEAM = 3BFLHJ2HKG;
				GENERATE_INFOPLIST_FILE = YES;
				IPHONEOS_DEPLOYMENT_TARGET = 18.1;
				MARKETING_VERSION = 1.0;
				PRODUCT_BUNDLE_IDENTIFIER = Diverology.DiverologyTests;
				PRODUCT_NAME = "$(TARGET_NAME)";
				SWIFT_EMIT_LOC_STRINGS = NO;
				SWIFT_VERSION = 5.0;
				TARGETED_DEVICE_FAMILY = "1,2";
				TEST_HOST = "$(BUILT_PRODUCTS_DIR)/Diverology.app/$(BUNDLE_EXECUTABLE_FOLDER_PATH)/Diverology";
			};
			name = Debug;
		};
		2DE8D3762DAD191C009ED66C /* Release */ = {
			isa = XCBuildConfiguration;
			buildSettings = {
				BUNDLE_LOADER = "$(TEST_HOST)";
				CODE_SIGN_STYLE = Automatic;
				CURRENT_PROJECT_VERSION = 1;
				DEVELOPMENT_TEAM = 3BFLHJ2HKG;
				GENERATE_INFOPLIST_FILE = YES;
				IPHONEOS_DEPLOYMENT_TARGET = 18.1;
				MARKETING_VERSION = 1.0;
				PRODUCT_BUNDLE_IDENTIFIER = Diverology.DiverologyTests;
				PRODUCT_NAME = "$(TARGET_NAME)";
				SWIFT_EMIT_LOC_STRINGS = NO;
				SWIFT_VERSION = 5.0;
				TARGETED_DEVICE_FAMILY = "1,2";
				TEST_HOST = "$(BUILT_PRODUCTS_DIR)/Diverology.app/$(BUNDLE_EXECUTABLE_FOLDER_PATH)/Diverology";
			};
			name = Release;
		};
		2DE8D3782DAD191C009ED66C /* Debug */ = {
			isa = XCBuildConfiguration;
			buildSettings = {
				CODE_SIGN_STYLE = Automatic;
				CURRENT_PROJECT_VERSION = 1;
				DEVELOPMENT_TEAM = 3BFLHJ2HKG;
				GENERATE_INFOPLIST_FILE = YES;
				MARKETING_VERSION = 1.0;
				PRODUCT_BUNDLE_IDENTIFIER = Diverology.DiverologyUITests;
				PRODUCT_NAME = "$(TARGET_NAME)";
				SWIFT_EMIT_LOC_STRINGS = NO;
				SWIFT_VERSION = 5.0;
				TARGETED_DEVICE_FAMILY = "1,2";
				TEST_TARGET_NAME = Diverology;
			};
			name = Debug;
		};
		2DE8D3792DAD191C009ED66C /* Release */ = {
			isa = XCBuildConfiguration;
			buildSettings = {
				CODE_SIGN_STYLE = Automatic;
				CURRENT_PROJECT_VERSION = 1;
				DEVELOPMENT_TEAM = 3BFLHJ2HKG;
				GENERATE_INFOPLIST_FILE = YES;
				MARKETING_VERSION = 1.0;
				PRODUCT_BUNDLE_IDENTIFIER = Diverology.DiverologyUITests;
				PRODUCT_NAME = "$(TARGET_NAME)";
				SWIFT_EMIT_LOC_STRINGS = NO;
				SWIFT_VERSION = 5.0;
				TARGETED_DEVICE_FAMILY = "1,2";
				TEST_TARGET_NAME = Diverology;
			};
			name = Release;
		};
/* End XCBuildConfiguration section */

/* Begin XCConfigurationList section */
		2DE8D3482DAD191A009ED66C /* Build configuration list for PBXProject "Diverology" */ = {
			isa = XCConfigurationList;
			buildConfigurations = (
				2DE8D36F2DAD191C009ED66C /* Debug */,
				2DE8D3702DAD191C009ED66C /* Release */,
			);
			defaultConfigurationIsVisible = 0;
			defaultConfigurationName = Release;
		};
		2DE8D3712DAD191C009ED66C /* Build configuration list for PBXNativeTarget "Diverology" */ = {
			isa = XCConfigurationList;
			buildConfigurations = (
				2DE8D3722DAD191C009ED66C /* Debug */,
				2DE8D3732DAD191C009ED66C /* Release */,
			);
			defaultConfigurationIsVisible = 0;
			defaultConfigurationName = Release;
		};
		2DE8D3742DAD191C009ED66C /* Build configuration list for PBXNativeTarget "DiverologyTests" */ = {
			isa = XCConfigurationList;
			buildConfigurations = (
				2DE8D3752DAD191C009ED66C /* Debug */,
				2DE8D3762DAD191C009ED66C /* Release */,
			);
			defaultConfigurationIsVisible = 0;
			defaultConfigurationName = Release;
		};
		2DE8D3772DAD191C009ED66C /* Build configuration list for PBXNativeTarget "DiverologyUITests" */ = {
			isa = XCConfigurationList;
			buildConfigurations = (
				2DE8D3782DAD191C009ED66C /* Debug */,
				2DE8D3792DAD191C009ED66C /* Release */,
			);
			defaultConfigurationIsVisible = 0;
			defaultConfigurationName = Release;
		};
/* End XCConfigurationList section */
	};
	rootObject = 2DE8D3452DAD191A009ED66C /* Project object */;
}
